
Microsoft Visual Studio Solution File, Format Version 12.00
Project("{FAE04EC0-301F-11D3-BF4B-00C04F79EFBC}") = "kleenelogic", "src/kleenelogic/kleenelogic.csproj", "{4C758D68-5745-49ED-A2D2-94B3A145C205}"
EndProject
Project("{FAE04EC0-301F-11D3-BF4B-00C04F79EFBC}") = "kleenelogic.tests", "tests/kleenelogic.tests/kleenelogic.tests/kleenelogic.tests.csproj", "{9B3BA396-1E46-4833-95CE-D3F979DCD1C2}"
EndProject
Project("{FAE04EC0-301F-11D3-BF4B-00C04F79EFBC}") = "kleenelogic.example", "examples/kleenelogic.example/kleenelogic.example/kleenelogic.example.csproj", "{96A7DE3B-F959-4CDD-B86A-F3FBF6BA451E}"
EndProject
Global
	GlobalSection(SolutionConfigurationPlatforms) = preSolution
		Debug|Any CPU = Debug|Any CPU
		Release|Any CPU = Release|Any CPU
	EndGlobalSection
	GlobalSection(ProjectConfigurationPlatforms) = postSolution
		{4C758D68-5745-49ED-A2D2-94B3A145C205}.Debug|Any CPU.ActiveCfg = Debug|Any CPU
		{4C758D68-5745-49ED-A2D2-94B3A145C205}.Debug|Any CPU.Build.0 = Debug|Any CPU
		{4C758D68-5745-49ED-A2D2-94B3A145C205}.Release|Any CPU.ActiveCfg = Release|Any CPU
		{4C758D68-5745-49ED-A2D2-94B3A145C205}.Release|Any CPU.Build.0 = Release|Any CPU
		{9B3BA396-1E46-4833-95CE-D3F979DCD1C2}.Debug|Any CPU.ActiveCfg = Debug|Any CPU
		{9B3BA396-1E46-4833-95CE-D3F979DCD1C2}.Debug|Any CPU.Build.0 = Debug|Any CPU
		{9B3BA396-1E46-4833-95CE-D3F979DCD1C2}.Release|Any CPU.ActiveCfg = Release|Any CPU
		{9B3BA396-1E46-4833-95CE-D3F979DCD1C2}.Release|Any CPU.Build.0 = Release|Any CPU
		{96A7DE3B-F959-4CDD-B86A-F3FBF6BA451E}.Debug|Any CPU.ActiveCfg = Debug|Any CPU
		{96A7DE3B-F959-4CDD-B86A-F3FBF6BA451E}.Debug|Any CPU.Build.0 = Debug|Any CPU
		{96A7DE3B-F959-4CDD-B86A-F3FBF6BA451E}.Release|Any CPU.ActiveCfg = Release|Any CPU
		{96A7DE3B-F959-4CDD-B86A-F3FBF6BA451E}.Release|Any CPU.Build.0 = Release|Any CPU
	EndGlobalSection
EndGlobal
